
Microsoft Visual Studio Solution File, Format Version 12.00
# Visual Studio Version 16
VisualStudioVersion = 16.0.30621.155
MinimumVisualStudioVersion = 10.0.40219.1
Project("{FAE04EC0-301F-11D3-BF4B-00C04F79EFBC}") = "RazorPageNewTest", "RazorPageNewTest.csproj", "{F1228A08-E844-4949-8FD8-280AC4911071}"
EndProject
Global
	GlobalSection(SolutionConfigurationPlatforms) = preSolution
		Debug|Any CPU = Debug|Any CPU
		Release|Any CPU = Release|Any CPU
	EndGlobalSection
	GlobalSection(ProjectConfigurationPlatforms) = postSolution
		{F1228A08-E844-4949-8FD8-280AC4911071}.Debug|Any CPU.ActiveCfg = Debug|Any CPU
		{F1228A08-E844-4949-8FD8-280AC4911071}.Debug|Any CPU.Build.0 = Debug|Any CPU
		{F1228A08-E844-4949-8FD8-280AC4911071}.Release|Any CPU.ActiveCfg = Release|Any CPU
		{F1228A08-E844-4949-8FD8-280AC4911071}.Release|Any CPU.Build.0 = Release|Any CPU
	EndGlobalSection
	GlobalSection(SolutionProperties) = preSolution
		HideSolutionNode = FALSE
	EndGlobalSection
	GlobalSection(ExtensibilityGlobals) = postSolution
		SolutionGuid = {29440B57-E77D-4BA8-88CB-1507844954D3}
	EndGlobalSection
EndGlobal
